
Microsoft Visual Studio Solution File, Format Version 12.00
# Visual Studio Version 16
VisualStudioVersion = 16.0.29519.181
MinimumVisualStudioVersion = 10.0.40219.1
Project("{9092AA53-FB77-4645-B42D-1CCCA6BD08BD}") = "NodejsConsoleApp1", "NodejsConsoleApp1\NodejsConsoleApp1.njsproj", "{8599F71B-3E4F-429A-A3B6-B1DB8046FB22}"
EndProject
Global
	GlobalSection(SolutionConfigurationPlatforms) = preSolution
		Debug|Any CPU = Debug|Any CPU
		Release|Any CPU = Release|Any CPU
	EndGlobalSection
	GlobalSection(ProjectConfigurationPlatforms) = postSolution
		{8599F71B-3E4F-429A-A3B6-B1DB8046FB22}.Debug|Any CPU.ActiveCfg = Debug|Any CPU
		{8599F71B-3E4F-429A-A3B6-B1DB8046FB22}.Debug|Any CPU.Build.0 = Debug|Any CPU
		{8599F71B-3E4F-429A-A3B6-B1DB8046FB22}.Release|Any CPU.ActiveCfg = Release|Any CPU
		{8599F71B-3E4F-429A-A3B6-B1DB8046FB22}.Release|Any CPU.Build.0 = Release|Any CPU
	EndGlobalSection
	GlobalSection(SolutionProperties) = preSolution
		HideSolutionNode = FALSE
	EndGlobalSection
	GlobalSection(ExtensibilityGlobals) = postSolution
		SolutionGuid = {AEB5E9CC-8DFE-464B-A4C9-E8AB72CFD9E6}
	EndGlobalSection
EndGlobal
